{
  "nodes": {
    "fenix": {
      "inputs": {
        "nixpkgs": [
          "nixpkgs"
        ],
        "rust-analyzer-src": "rust-analyzer-src"
      },
      "locked": {
        "lastModified": 1698128526,
        "narHash": "sha256-1muHv0QsRbsKY8qrHMIcqIBvspqC5lBwAfABhCXfD4Q=",
        "owner": "nix-community",
        "repo": "fenix",
        "rev": "794fbbbaa9e7eba6fb0ae20b35941a2c795e4dc3",
        "type": "github"
      },
      "original": {
        "owner": "nix-community",
        "repo": "fenix",
        "type": "github"
      }
    },
    "flake-utils": {
      "inputs": {
        "systems": "systems"
      },
      "locked": {
        "lastModified": 1694529238,
        "narHash": "sha256-zsNZZGTGnMOf9YpHKJqMSsa0dXbfmxeoJ7xHlrt+xmY=",
        "owner": "numtide",
        "repo": "flake-utils",
        "rev": "ff7b65b44d01cf9ba6a71320833626af21126384",
        "type": "github"
      },
      "original": {
        "owner": "numtide",
        "repo": "flake-utils",
        "type": "github"
      }
    },
    "naersk": {
      "inputs": {
        "nixpkgs": [
          "nixpkgs"
        ]
      },
      "locked": {
        "lastModified": 1698153314,
        "narHash": "sha256-TunvZMCxXHvU6fz5kq3XTLfojIvTDlbFGfPUFtwCU5o=",
        "owner": "nix-community",
        "repo": "naersk",
        "rev": "06a99941d72e2202ed62b8aa08b9869817fea56f",
        "type": "github"
      },
      "original": {
        "owner": "nix-community",
        "repo": "naersk",
        "type": "github"
      }
    },
    "nixpkgs": {
      "locked": {
        "lastModified": 1698161424,
        "narHash": "sha256-RWEAJcNxmWBROjlfcINJJXTulHz0McSM/npC1Ut7IuU=",
        "owner": "nixos",
        "repo": "nixpkgs",
        "rev": "d0d6219c4299b505ee0b66bf68400c56edad8449",
        "type": "github"
      },
      "original": {
        "owner": "nixos",
        "repo": "nixpkgs",
        "type": "github"
      }
    },
    "root": {
      "inputs": {
        "fenix": "fenix",
        "flake-utils": "flake-utils",
        "naersk": "naersk",
        "nixpkgs": "nixpkgs"
      }
    },
    "rust-analyzer-src": {
      "flake": false,
      "locked": {
        "lastModified": 1698080182,
        "narHash": "sha256-0/Ni0HWidN48J//aonBu1itPhnn1lVUm/mQUmLliJyk=",
        "owner": "rust-lang",
        "repo": "rust-analyzer",
        "rev": "2f6961aaaf65cff82e43ca9171fd7a824a7d81ca",
        "type": "github"
      },
      "original": {
        "owner": "rust-lang",
        "ref": "nightly",
        "repo": "rust-analyzer",
        "type": "github"
      }
    },
    "systems": {
      "locked": {
        "lastModified": 1681028828,
        "narHash": "sha256-Vy1rq5AaRuLzOxct8nz4T6wlgyUR7zLU309k9mBC768=",
        "owner": "nix-systems",
        "repo": "default",
        "rev": "da67096a3b9bf56a91d16901293e51ba5b49a27e",
        "type": "github"
      },
      "original": {
        "owner": "nix-systems",
        "repo": "default",
        "type": "github"
      }
    }
  },
  "root": "root",
  "version": 7
}
